
Microsoft Visual Studio Solution File, Format Version 12.00
# Visual Studio Version 16
VisualStudioVersion = 16.0.30907.101
MinimumVisualStudioVersion = 10.0.40219.1
Project("{8BC9CEB8-8B4A-11D0-8D11-00A0C91BC942}") = "brainCpp_ch10", "brainCpp_ch10\brainCpp_ch10.vcxproj", "{68362075-5D15-475B-A4D4-B25AC1DD3C6E}"
EndProject
Global
	GlobalSection(SolutionConfigurationPlatforms) = preSolution
		Debug|x64 = Debug|x64
		Debug|x86 = Debug|x86
		Release|x64 = Release|x64
		Release|x86 = Release|x86
	EndGlobalSection
	GlobalSection(ProjectConfigurationPlatforms) = postSolution
		{68362075-5D15-475B-A4D4-B25AC1DD3C6E}.Debug|x64.ActiveCfg = Debug|x64
		{68362075-5D15-475B-A4D4-B25AC1DD3C6E}.Debug|x64.Build.0 = Debug|x64
		{68362075-5D15-475B-A4D4-B25AC1DD3C6E}.Debug|x86.ActiveCfg = Debug|Win32
		{68362075-5D15-475B-A4D4-B25AC1DD3C6E}.Debug|x86.Build.0 = Debug|Win32
		{68362075-5D15-475B-A4D4-B25AC1DD3C6E}.Release|x64.ActiveCfg = Release|x64
		{68362075-5D15-475B-A4D4-B25AC1DD3C6E}.Release|x64.Build.0 = Release|x64
		{68362075-5D15-475B-A4D4-B25AC1DD3C6E}.Release|x86.ActiveCfg = Release|Win32
		{68362075-5D15-475B-A4D4-B25AC1DD3C6E}.Release|x86.Build.0 = Release|Win32
	EndGlobalSection
	GlobalSection(SolutionProperties) = preSolution
		HideSolutionNode = FALSE
	EndGlobalSection
	GlobalSection(ExtensibilityGlobals) = postSolution
		SolutionGuid = {148506D6-584C-435F-95B7-F95507E37C0F}
	EndGlobalSection
EndGlobal
