
Microsoft Visual Studio Solution File, Format Version 12.00
# Visual Studio Version 16
VisualStudioVersion = 16.0.30907.101
MinimumVisualStudioVersion = 10.0.40219.1
Project("{8BC9CEB8-8B4A-11D0-8D11-00A0C91BC942}") = "brainCpp_ch14", "brainCpp_ch14\brainCpp_ch14.vcxproj", "{4362F802-AD3A-40BC-8A0A-58D82989F912}"
EndProject
Global
	GlobalSection(SolutionConfigurationPlatforms) = preSolution
		Debug|x64 = Debug|x64
		Debug|x86 = Debug|x86
		Release|x64 = Release|x64
		Release|x86 = Release|x86
	EndGlobalSection
	GlobalSection(ProjectConfigurationPlatforms) = postSolution
		{4362F802-AD3A-40BC-8A0A-58D82989F912}.Debug|x64.ActiveCfg = Debug|x64
		{4362F802-AD3A-40BC-8A0A-58D82989F912}.Debug|x64.Build.0 = Debug|x64
		{4362F802-AD3A-40BC-8A0A-58D82989F912}.Debug|x86.ActiveCfg = Debug|Win32
		{4362F802-AD3A-40BC-8A0A-58D82989F912}.Debug|x86.Build.0 = Debug|Win32
		{4362F802-AD3A-40BC-8A0A-58D82989F912}.Release|x64.ActiveCfg = Release|x64
		{4362F802-AD3A-40BC-8A0A-58D82989F912}.Release|x64.Build.0 = Release|x64
		{4362F802-AD3A-40BC-8A0A-58D82989F912}.Release|x86.ActiveCfg = Release|Win32
		{4362F802-AD3A-40BC-8A0A-58D82989F912}.Release|x86.Build.0 = Release|Win32
	EndGlobalSection
	GlobalSection(SolutionProperties) = preSolution
		HideSolutionNode = FALSE
	EndGlobalSection
	GlobalSection(ExtensibilityGlobals) = postSolution
		SolutionGuid = {89CF5A1A-B020-4E43-AA12-96E13FA16577}
	EndGlobalSection
EndGlobal
