
Microsoft Visual Studio Solution File, Format Version 12.00
# Visual Studio Version 16
VisualStudioVersion = 16.0.30907.101
MinimumVisualStudioVersion = 10.0.40219.1
Project("{8BC9CEB8-8B4A-11D0-8D11-00A0C91BC942}") = "bronze4_2420", "bronze4_2420\bronze4_2420.vcxproj", "{7FF8A848-0E54-44B3-A4A2-DE97059FF982}"
EndProject
Global
	GlobalSection(SolutionConfigurationPlatforms) = preSolution
		Debug|x64 = Debug|x64
		Debug|x86 = Debug|x86
		Release|x64 = Release|x64
		Release|x86 = Release|x86
	EndGlobalSection
	GlobalSection(ProjectConfigurationPlatforms) = postSolution
		{7FF8A848-0E54-44B3-A4A2-DE97059FF982}.Debug|x64.ActiveCfg = Debug|x64
		{7FF8A848-0E54-44B3-A4A2-DE97059FF982}.Debug|x64.Build.0 = Debug|x64
		{7FF8A848-0E54-44B3-A4A2-DE97059FF982}.Debug|x86.ActiveCfg = Debug|Win32
		{7FF8A848-0E54-44B3-A4A2-DE97059FF982}.Debug|x86.Build.0 = Debug|Win32
		{7FF8A848-0E54-44B3-A4A2-DE97059FF982}.Release|x64.ActiveCfg = Release|x64
		{7FF8A848-0E54-44B3-A4A2-DE97059FF982}.Release|x64.Build.0 = Release|x64
		{7FF8A848-0E54-44B3-A4A2-DE97059FF982}.Release|x86.ActiveCfg = Release|Win32
		{7FF8A848-0E54-44B3-A4A2-DE97059FF982}.Release|x86.Build.0 = Release|Win32
	EndGlobalSection
	GlobalSection(SolutionProperties) = preSolution
		HideSolutionNode = FALSE
	EndGlobalSection
	GlobalSection(ExtensibilityGlobals) = postSolution
		SolutionGuid = {2E0D1AC4-1119-41A6-B04C-9A1927B96038}
	EndGlobalSection
EndGlobal
